<?xml version="1.0" encoding="UTF-8" standalone="yes" ?>
<CodeBlocks_project_file>
	<FileVersion major="1" minor="4" />
	<Project>
		<Option title="dsp_restless" />
		<Option pch_mode="0" />
		<Option compiler="gcc" />
		<Build>
			<Target title="default">
				<Option output="..\Binary\dsp_restless.dll" />
				<Option working_dir="..\Binary" />
				<Option type="3" />
				<Option compiler="gcc" />
				<Option includeInTargetAll="1" />
			</Target>
		</Build>
		<Compiler>
			<Add option="-Os" />
			<Add option="-pedantic" />
			<Add option="-W" />
			<Add option="-Wall" />
		</Compiler>
		<Linker>
			<Add option="-s" />
		</Linker>
		<Unit filename="..\Source\Dsp.h">
			<Option compilerVar="CPP" />
			<Option compile="0" />
			<Option link="0" />
			<Option target="default" />
		</Unit>
		<Unit filename="..\Source\dsp_restless.cpp">
			<Option compilerVar="CPP" />
			<Option target="default" />
		</Unit>
		<Unit filename="..\Source\dsp_restless_private.h">
			<Option compilerVar="CPP" />
			<Option compile="0" />
			<Option link="0" />
			<Option target="default" />
		</Unit>
		<Unit filename="..\Source\dsp_restless_private.rc">
			<Option compilerVar="WINDRES" />
			<Option objectName="Source\dsp_restless_private.res" />
			<Option target="default" />
		</Unit>
	</Project>
</CodeBlocks_project_file>